
Microsoft Visual Studio Solution File, Format Version 12.00
# Visual Studio 15
VisualStudioVersion = 15.0.27703.2042
MinimumVisualStudioVersion = 10.0.40219.1
Project("{FAE04EC0-301F-11D3-BF4B-00C04F79EFBC}") = "Youtube_NowPlaying", "Youtube_NowPlaying\Youtube_NowPlaying.csproj", "{BF539F53-C31F-49EB-B7A4-F1169F2D9119}"
EndProject
Global
	GlobalSection(SolutionConfigurationPlatforms) = preSolution
		Debug|Any CPU = Debug|Any CPU
		Release|Any CPU = Release|Any CPU
	EndGlobalSection
	GlobalSection(ProjectConfigurationPlatforms) = postSolution
		{BF539F53-C31F-49EB-B7A4-F1169F2D9119}.Debug|Any CPU.ActiveCfg = Debug|Any CPU
		{BF539F53-C31F-49EB-B7A4-F1169F2D9119}.Debug|Any CPU.Build.0 = Debug|Any CPU
		{BF539F53-C31F-49EB-B7A4-F1169F2D9119}.Release|Any CPU.ActiveCfg = Release|Any CPU
		{BF539F53-C31F-49EB-B7A4-F1169F2D9119}.Release|Any CPU.Build.0 = Release|Any CPU
	EndGlobalSection
	GlobalSection(SolutionProperties) = preSolution
		HideSolutionNode = FALSE
	EndGlobalSection
	GlobalSection(ExtensibilityGlobals) = postSolution
		SolutionGuid = {572D2FB6-154B-4FFB-AD15-5AD16638F9BF}
	EndGlobalSection
EndGlobal
